
Microsoft Visual Studio Solution File, Format Version 11.00
# Visual Basic Express 2010
Project("{F184B08F-C81C-45F6-A57F-5ABD9991F28F}") = "Fluid Dynamics Simulator", "Fluid Dynamics Simulator\Fluid Dynamics Simulator.vbproj", "{261D2BFF-597C-46B5-9DEA-0C8A4E981178}"
EndProject
Global
	GlobalSection(SolutionConfigurationPlatforms) = preSolution
		Debug|x86 = Debug|x86
		Release|x86 = Release|x86
	EndGlobalSection
	GlobalSection(ProjectConfigurationPlatforms) = postSolution
		{261D2BFF-597C-46B5-9DEA-0C8A4E981178}.Debug|x86.ActiveCfg = Debug|x86
		{261D2BFF-597C-46B5-9DEA-0C8A4E981178}.Debug|x86.Build.0 = Debug|x86
		{261D2BFF-597C-46B5-9DEA-0C8A4E981178}.Release|x86.ActiveCfg = Release|x86
		{261D2BFF-597C-46B5-9DEA-0C8A4E981178}.Release|x86.Build.0 = Release|x86
	EndGlobalSection
	GlobalSection(SolutionProperties) = preSolution
		HideSolutionNode = FALSE
	EndGlobalSection
EndGlobal
